
Microsoft Visual Studio Solution File, Format Version 12.00
# Visual Studio Version 17
VisualStudioVersion = 17.0.32014.148
MinimumVisualStudioVersion = 10.0.40219.1
Project("{9A19103F-16F7-4668-BE54-9A1E7A4F7556}") = "MinimalApiProject", "MinimalApiProject\MinimalApiProject.csproj", "{D88847E1-0754-4F5D-8BAC-4BB5B6071181}"
EndProject
Project("{00D1A9C2-B5F0-4AF3-8072-F6C62B433612}") = "AkisDB", "AkisDB\AkisDB.sqlproj", "{2A963C76-D63A-41A8-8F60-FD87E8F78414}"
EndProject
Project("{9A19103F-16F7-4668-BE54-9A1E7A4F7556}") = "DataAccessLayer", "DataAccessLayer\DataAccessLayer.csproj", "{7CCC05EC-AD92-4624-B3B6-B584D1D56FCE}"
EndProject
Project("{2150E333-8FDC-42A3-9474-1A3956D46DE8}") = "Solution Items", "Solution Items", "{A390E45D-EEC3-45CA-ACBA-B980AEDFB4CD}"
	ProjectSection(SolutionItems) = preProject
		.editorconfig = .editorconfig
		.gitignore = .gitignore
		DevTips.txt = DevTips.txt
		ProjectTasks.txt = ProjectTasks.txt
	EndProjectSection
EndProject
Project("{9A19103F-16F7-4668-BE54-9A1E7A4F7556}") = "Domain", "Domain\Domain.csproj", "{A7944FFC-DB09-49E2-86B7-4A0CC7D81619}"
EndProject
Project("{9A19103F-16F7-4668-BE54-9A1E7A4F7556}") = "Validators", "Validators\Validators.csproj", "{1A3FB2FF-0D1C-4B3E-B6B2-0520D512AC9E}"
EndProject
Global
	GlobalSection(SolutionConfigurationPlatforms) = preSolution
		Debug|Any CPU = Debug|Any CPU
		Release|Any CPU = Release|Any CPU
	EndGlobalSection
	GlobalSection(ProjectConfigurationPlatforms) = postSolution
		{D88847E1-0754-4F5D-8BAC-4BB5B6071181}.Debug|Any CPU.ActiveCfg = Debug|Any CPU
		{D88847E1-0754-4F5D-8BAC-4BB5B6071181}.Debug|Any CPU.Build.0 = Debug|Any CPU
		{D88847E1-0754-4F5D-8BAC-4BB5B6071181}.Release|Any CPU.ActiveCfg = Release|Any CPU
		{D88847E1-0754-4F5D-8BAC-4BB5B6071181}.Release|Any CPU.Build.0 = Release|Any CPU
		{2A963C76-D63A-41A8-8F60-FD87E8F78414}.Debug|Any CPU.ActiveCfg = Debug|Any CPU
		{2A963C76-D63A-41A8-8F60-FD87E8F78414}.Debug|Any CPU.Build.0 = Debug|Any CPU
		{2A963C76-D63A-41A8-8F60-FD87E8F78414}.Debug|Any CPU.Deploy.0 = Debug|Any CPU
		{2A963C76-D63A-41A8-8F60-FD87E8F78414}.Release|Any CPU.ActiveCfg = Release|Any CPU
		{2A963C76-D63A-41A8-8F60-FD87E8F78414}.Release|Any CPU.Build.0 = Release|Any CPU
		{2A963C76-D63A-41A8-8F60-FD87E8F78414}.Release|Any CPU.Deploy.0 = Release|Any CPU
		{7CCC05EC-AD92-4624-B3B6-B584D1D56FCE}.Debug|Any CPU.ActiveCfg = Debug|Any CPU
		{7CCC05EC-AD92-4624-B3B6-B584D1D56FCE}.Debug|Any CPU.Build.0 = Debug|Any CPU
		{7CCC05EC-AD92-4624-B3B6-B584D1D56FCE}.Release|Any CPU.ActiveCfg = Release|Any CPU
		{7CCC05EC-AD92-4624-B3B6-B584D1D56FCE}.Release|Any CPU.Build.0 = Release|Any CPU
		{A7944FFC-DB09-49E2-86B7-4A0CC7D81619}.Debug|Any CPU.ActiveCfg = Debug|Any CPU
		{A7944FFC-DB09-49E2-86B7-4A0CC7D81619}.Debug|Any CPU.Build.0 = Debug|Any CPU
		{A7944FFC-DB09-49E2-86B7-4A0CC7D81619}.Release|Any CPU.ActiveCfg = Release|Any CPU
		{A7944FFC-DB09-49E2-86B7-4A0CC7D81619}.Release|Any CPU.Build.0 = Release|Any CPU
		{1A3FB2FF-0D1C-4B3E-B6B2-0520D512AC9E}.Debug|Any CPU.ActiveCfg = Debug|Any CPU
		{1A3FB2FF-0D1C-4B3E-B6B2-0520D512AC9E}.Debug|Any CPU.Build.0 = Debug|Any CPU
		{1A3FB2FF-0D1C-4B3E-B6B2-0520D512AC9E}.Release|Any CPU.ActiveCfg = Release|Any CPU
		{1A3FB2FF-0D1C-4B3E-B6B2-0520D512AC9E}.Release|Any CPU.Build.0 = Release|Any CPU
	EndGlobalSection
	GlobalSection(SolutionProperties) = preSolution
		HideSolutionNode = FALSE
	EndGlobalSection
	GlobalSection(ExtensibilityGlobals) = postSolution
		SolutionGuid = {45F131CB-C916-467E-937A-09630B333A6D}
	EndGlobalSection
EndGlobal
